// !$*UTF8*$!
{
	archiveVersion = 1;
	classes = {
	};
	objectVersion = 46;
	objects = {

/* Begin PBXBuildFile section */
		0B2B7A601C2C928200380500 /* AppDelegate.swift in Sources */ = {isa = PBXBuildFile; fileRef = 0B2B7A5F1C2C928200380500 /* AppDelegate.swift */; };
		0B2B7A651C2C928200380500 /* Main.storyboard in Resources */ = {isa = PBXBuildFile; fileRef = 0B2B7A631C2C928200380500 /* Main.storyboard */; };
		0B2B7A681C2C928200380500 /* Swift_Files.xcdatamodeld in Sources */ = {isa = PBXBuildFile; fileRef = 0B2B7A661C2C928200380500 /* Swift_Files.xcdatamodeld */; };
		0B2B7A6A1C2C928200380500 /* Assets.xcassets in Resources */ = {isa = PBXBuildFile; fileRef = 0B2B7A691C2C928200380500 /* Assets.xcassets */; };
		0B2B7A6D1C2C928200380500 /* LaunchScreen.storyboard in Resources */ = {isa = PBXBuildFile; fileRef = 0B2B7A6B1C2C928200380500 /* LaunchScreen.storyboard */; };
		0B2B7A781C2C928200380500 /* Swift_FilesTests.swift in Sources */ = {isa = PBXBuildFile; fileRef = 0B2B7A771C2C928200380500 /* Swift_FilesTests.swift */; };
		0B2B7A831C2C928200380500 /* Swift_FilesUITests.swift in Sources */ = {isa = PBXBuildFile; fileRef = 0B2B7A821C2C928200380500 /* Swift_FilesUITests.swift */; };
		0B2B7A911C2C930B00380500 /* FileHelper.swift in Sources */ = {isa = PBXBuildFile; fileRef = 0B2B7A901C2C930B00380500 /* FileHelper.swift */; };
/* End PBXBuildFile section */

/* Begin PBXContainerItemProxy section */
		0B2B7A741C2C928200380500 /* PBXContainerItemProxy */ = {
			isa = PBXContainerItemProxy;
			containerPortal = 0B2B7A541C2C928200380500 /* Project object */;
			proxyType = 1;
			remoteGlobalIDString = 0B2B7A5B1C2C928200380500;
			remoteInfo = "Swift-Files";
		};
		0B2B7A7F1C2C928200380500 /* PBXContainerItemProxy */ = {
			isa = PBXContainerItemProxy;
			containerPortal = 0B2B7A541C2C928200380500 /* Project object */;
			proxyType = 1;
			remoteGlobalIDString = 0B2B7A5B1C2C928200380500;
			remoteInfo = "Swift-Files";
		};
/* End PBXContainerItemProxy section */

/* Begin PBXFileReference section */
		0B2B7A5C1C2C928200380500 /* Swift-Files.app */ = {isa = PBXFileReference; explicitFileType = wrapper.application; includeInIndex = 0; path = "Swift-Files.app"; sourceTree = BUILT_PRODUCTS_DIR; };
		0B2B7A5F1C2C928200380500 /* AppDelegate.swift */ = {isa = PBXFileReference; lastKnownFileType = sourcecode.swift; path = AppDelegate.swift; sourceTree = "<group>"; };
		0B2B7A641C2C928200380500 /* Base */ = {isa = PBXFileReference; lastKnownFileType = file.storyboard; name = Base; path = Base.lproj/Main.storyboard; sourceTree = "<group>"; };
		0B2B7A671C2C928200380500 /* Swift_Files.xcdatamodel */ = {isa = PBXFileReference; lastKnownFileType = wrapper.xcdatamodel; path = Swift_Files.xcdatamodel; sourceTree = "<group>"; };
		0B2B7A691C2C928200380500 /* Assets.xcassets */ = {isa = PBXFileReference; lastKnownFileType = folder.assetcatalog; path = Assets.xcassets; sourceTree = "<group>"; };
		0B2B7A6C1C2C928200380500 /* Base */ = {isa = PBXFileReference; lastKnownFileType = file.storyboard; name = Base; path = Base.lproj/LaunchScreen.storyboard; sourceTree = "<group>"; };
		0B2B7A6E1C2C928200380500 /* Info.plist */ = {isa = PBXFileReference; lastKnownFileType = text.plist.xml; path = Info.plist; sourceTree = "<group>"; };
		0B2B7A731C2C928200380500 /* Swift-FilesTests.xctest */ = {isa = PBXFileReference; explicitFileType = wrapper.cfbundle; includeInIndex = 0; path = "Swift-FilesTests.xctest"; sourceTree = BUILT_PRODUCTS_DIR; };
		0B2B7A771C2C928200380500 /* Swift_FilesTests.swift */ = {isa = PBXFileReference; lastKnownFileType = sourcecode.swift; path = Swift_FilesTests.swift; sourceTree = "<group>"; };
		0B2B7A791C2C928200380500 /* Info.plist */ = {isa = PBXFileReference; lastKnownFileType = text.plist.xml; path = Info.plist; sourceTree = "<group>"; };
		0B2B7A7E1C2C928200380500 /* Swift-FilesUITests.xctest */ = {isa = PBXFileReference; explicitFileType = wrapper.cfbundle; includeInIndex = 0; path = "Swift-FilesUITests.xctest"; sourceTree = BUILT_PRODUCTS_DIR; };
		0B2B7A821C2C928200380500 /* Swift_FilesUITests.swift */ = {isa = PBXFileReference; lastKnownFileType = sourcecode.swift; path = Swift_FilesUITests.swift; sourceTree = "<group>"; };
		0B2B7A841C2C928200380500 /* Info.plist */ = {isa = PBXFileReference; lastKnownFileType = text.plist.xml; path = Info.plist; sourceTree = "<group>"; };
		0B2B7A901C2C930B00380500 /* FileHelper.swift */ = {isa = PBXFileReference; fileEncoding = 4; lastKnownFileType = sourcecode.swift; path = FileHelper.swift; sourceTree = "<group>"; };
/* End PBXFileReference section */

/* Begin PBXFrameworksBuildPhase section */
		0B2B7A591C2C928200380500 /* Frameworks */ = {
			isa = PBXFrameworksBuildPhase;
			buildActionMask = 2147483647;
			files = (
			);
			runOnlyForDeploymentPostprocessing = 0;
		};
		0B2B7A701C2C928200380500 /* Frameworks */ = {
			isa = PBXFrameworksBuildPhase;
			buildActionMask = 2147483647;
			files = (
			);
			runOnlyForDeploymentPostprocessing = 0;
		};
		0B2B7A7B1C2C928200380500 /* Frameworks */ = {
			isa = PBXFrameworksBuildPhase;
			buildActionMask = 2147483647;
			files = (
			);
			runOnlyForDeploymentPostprocessing = 0;
		};
/* End PBXFrameworksBuildPhase section */

/* Begin PBXGroup section */
		0B2B7A531C2C928200380500 = {
			isa = PBXGroup;
			children = (
				0B2B7A5E1C2C928200380500 /* Swift-Files */,
				0B2B7A761C2C928200380500 /* Swift-FilesTests */,
				0B2B7A811C2C928200380500 /* Swift-FilesUITests */,
				0B2B7A5D1C2C928200380500 /* Products */,
			);
			sourceTree = "<group>";
		};
		0B2B7A5D1C2C928200380500 /* Products */ = {
			isa = PBXGroup;
			children = (
				0B2B7A5C1C2C928200380500 /* Swift-Files.app */,
				0B2B7A731C2C928200380500 /* Swift-FilesTests.xctest */,
				0B2B7A7E1C2C928200380500 /* Swift-FilesUITests.xctest */,
			);
			name = Products;
			sourceTree = "<group>";
		};
		0B2B7A5E1C2C928200380500 /* Swift-Files */ = {
			isa = PBXGroup;
			children = (
				0B2B7A5F1C2C928200380500 /* AppDelegate.swift */,
				0B2B7A631C2C928200380500 /* Main.storyboard */,
				0B2B7A691C2C928200380500 /* Assets.xcassets */,
				0B2B7A6B1C2C928200380500 /* LaunchScreen.storyboard */,
				0B2B7A6E1C2C928200380500 /* Info.plist */,
				0B2B7A661C2C928200380500 /* Swift_Files.xcdatamodeld */,
				0B2B7A901C2C930B00380500 /* FileHelper.swift */,
			);
			path = "Swift-Files";
			sourceTree = "<group>";
		};
		0B2B7A761C2C928200380500 /* Swift-FilesTests */ = {
			isa = PBXGroup;
			children = (
				0B2B7A771C2C928200380500 /* Swift_FilesTests.swift */,
				0B2B7A791C2C928200380500 /* Info.plist */,
			);
			path = "Swift-FilesTests";
			sourceTree = "<group>";
		};
		0B2B7A811C2C928200380500 /* Swift-FilesUITests */ = {
			isa = PBXGroup;
			children = (
				0B2B7A821C2C928200380500 /* Swift_FilesUITests.swift */,
				0B2B7A841C2C928200380500 /* Info.plist */,
			);
			path = "Swift-FilesUITests";
			sourceTree = "<group>";
		};
/* End PBXGroup section */

/* Begin PBXNativeTarget section */
		0B2B7A5B1C2C928200380500 /* Swift-Files */ = {
			isa = PBXNativeTarget;
			buildConfigurationList = 0B2B7A871C2C928200380500 /* Build configuration list for PBXNativeTarget "Swift-Files" */;
			buildPhases = (
				0B2B7A581C2C928200380500 /* Sources */,
				0B2B7A591C2C928200380500 /* Frameworks */,
				0B2B7A5A1C2C928200380500 /* Resources */,
			);
			buildRules = (
			);
			dependencies = (
			);
			name = "Swift-Files";
			productName = "Swift-Files";
			productReference = 0B2B7A5C1C2C928200380500 /* Swift-Files.app */;
			productType = "com.apple.product-type.application";
		};
		0B2B7A721C2C928200380500 /* Swift-FilesTests */ = {
			isa = PBXNativeTarget;
			buildConfigurationList = 0B2B7A8A1C2C928200380500 /* Build configuration list for PBXNativeTarget "Swift-FilesTests" */;
			buildPhases = (
				0B2B7A6F1C2C928200380500 /* Sources */,
				0B2B7A701C2C928200380500 /* Frameworks */,
				0B2B7A711C2C928200380500 /* Resources */,
			);
			buildRules = (
			);
			dependencies = (
				0B2B7A751C2C928200380500 /* PBXTargetDependency */,
			);
			name = "Swift-FilesTests";
			productName = "Swift-FilesTests";
			productReference = 0B2B7A731C2C928200380500 /* Swift-FilesTests.xctest */;
			productType = "com.apple.product-type.bundle.unit-test";
		};
		0B2B7A7D1C2C928200380500 /* Swift-FilesUITests */ = {
			isa = PBXNativeTarget;
			buildConfigurationList = 0B2B7A8D1C2C928200380500 /* Build configuration list for PBXNativeTarget "Swift-FilesUITests" */;
			buildPhases = (
				0B2B7A7A1C2C928200380500 /* Sources */,
				0B2B7A7B1C2C928200380500 /* Frameworks */,
				0B2B7A7C1C2C928200380500 /* Resources */,
			);
			buildRules = (
			);
			dependencies = (
				0B2B7A801C2C928200380500 /* PBXTargetDependency */,
			);
			name = "Swift-FilesUITests";
			productName = "Swift-FilesUITests";
			productReference = 0B2B7A7E1C2C928200380500 /* Swift-FilesUITests.xctest */;
			productType = "com.apple.product-type.bundle.ui-testing";
		};
/* End PBXNativeTarget section */

/* Begin PBXProject section */
		0B2B7A541C2C928200380500 /* Project object */ = {
			isa = PBXProject;
			attributes = {
				LastSwiftUpdateCheck = 0720;
				LastUpgradeCheck = 0720;
				ORGANIZATIONNAME = "Francisco José A. C. Souza";
				TargetAttributes = {
					0B2B7A5B1C2C928200380500 = {
						CreatedOnToolsVersion = 7.2;
					};
					0B2B7A721C2C928200380500 = {
						CreatedOnToolsVersion = 7.2;
						TestTargetID = 0B2B7A5B1C2C928200380500;
					};
					0B2B7A7D1C2C928200380500 = {
						CreatedOnToolsVersion = 7.2;
						TestTargetID = 0B2B7A5B1C2C928200380500;
					};
				};
			};
			buildConfigurationList = 0B2B7A571C2C928200380500 /* Build configuration list for PBXProject "Swift-Files" */;
			compatibilityVersion = "Xcode 3.2";
			developmentRegion = English;
			hasScannedForEncodings = 0;
			knownRegions = (
				en,
				Base,
			);
			mainGroup = 0B2B7A531C2C928200380500;
			productRefGroup = 0B2B7A5D1C2C928200380500 /* Products */;
			projectDirPath = "";
			projectRoot = "";
			targets = (
				0B2B7A5B1C2C928200380500 /* Swift-Files */,
				0B2B7A721C2C928200380500 /* Swift-FilesTests */,
				0B2B7A7D1C2C928200380500 /* Swift-FilesUITests */,
			);
		};
/* End PBXProject section */

/* Begin PBXResourcesBuildPhase section */
		0B2B7A5A1C2C928200380500 /* Resources */ = {
			isa = PBXResourcesBuildPhase;
			buildActionMask = 2147483647;
			files = (
				0B2B7A6D1C2C928200380500 /* LaunchScreen.storyboard in Resources */,
				0B2B7A6A1C2C928200380500 /* Assets.xcassets in Resources */,
				0B2B7A651C2C928200380500 /* Main.storyboard in Resources */,
			);
			runOnlyForDeploymentPostprocessing = 0;
		};
		0B2B7A711C2C928200380500 /* Resources */ = {
			isa = PBXResourcesBuildPhase;
			buildActionMask = 2147483647;
			files = (
			);
			runOnlyForDeploymentPostprocessing = 0;
		};
		0B2B7A7C1C2C928200380500 /* Resources */ = {
			isa = PBXResourcesBuildPhase;
			buildActionMask = 2147483647;
			files = (
			);
			runOnlyForDeploymentPostprocessing = 0;
		};
/* End PBXResourcesBuildPhase section */

/* Begin PBXSourcesBuildPhase section */
		0B2B7A581C2C928200380500 /* Sources */ = {
			isa = PBXSourcesBuildPhase;
			buildActionMask = 2147483647;
			files = (
				0B2B7A681C2C928200380500 /* Swift_Files.xcdatamodeld in Sources */,
				0B2B7A601C2C928200380500 /* AppDelegate.swift in Sources */,
				0B2B7A911C2C930B00380500 /* FileHelper.swift in Sources */,
			);
			runOnlyForDeploymentPostprocessing = 0;
		};
		0B2B7A6F1C2C928200380500 /* Sources */ = {
			isa = PBXSourcesBuildPhase;
			buildActionMask = 2147483647;
			files = (
				0B2B7A781C2C928200380500 /* Swift_FilesTests.swift in Sources */,
			);
			runOnlyForDeploymentPostprocessing = 0;
		};
		0B2B7A7A1C2C928200380500 /* Sources */ = {
			isa = PBXSourcesBuildPhase;
			buildActionMask = 2147483647;
			files = (
				0B2B7A831C2C928200380500 /* Swift_FilesUITests.swift in Sources */,
			);
			runOnlyForDeploymentPostprocessing = 0;
		};
/* End PBXSourcesBuildPhase section */

/* Begin PBXTargetDependency section */
		0B2B7A751C2C928200380500 /* PBXTargetDependency */ = {
			isa = PBXTargetDependency;
			target = 0B2B7A5B1C2C928200380500 /* Swift-Files */;
			targetProxy = 0B2B7A741C2C928200380500 /* PBXContainerItemProxy */;
		};
		0B2B7A801C2C928200380500 /* PBXTargetDependency */ = {
			isa = PBXTargetDependency;
			target = 0B2B7A5B1C2C928200380500 /* Swift-Files */;
			targetProxy = 0B2B7A7F1C2C928200380500 /* PBXContainerItemProxy */;
		};
/* End PBXTargetDependency section */

/* Begin PBXVariantGroup section */
		0B2B7A631C2C928200380500 /* Main.storyboard */ = {
			isa = PBXVariantGroup;
			children = (
				0B2B7A641C2C928200380500 /* Base */,
			);
			name = Main.storyboard;
			sourceTree = "<group>";
		};
		0B2B7A6B1C2C928200380500 /* LaunchScreen.storyboard */ = {
			isa = PBXVariantGroup;
			children = (
				0B2B7A6C1C2C928200380500 /* Base */,
			);
			name = LaunchScreen.storyboard;
			sourceTree = "<group>";
		};
/* End PBXVariantGroup section */

/* Begin XCBuildConfiguration section */
		0B2B7A851C2C928200380500 /* Debug */ = {
			isa = XCBuildConfiguration;
			buildSettings = {
				ALWAYS_SEARCH_USER_PATHS = NO;
				CLANG_CXX_LANGUAGE_STANDARD = "gnu++0x";
				CLANG_CXX_LIBRARY = "libc++";
				CLANG_ENABLE_MODULES = YES;
				CLANG_ENABLE_OBJC_ARC = YES;
				CLANG_WARN_BOOL_CONVERSION = YES;
				CLANG_WARN_CONSTANT_CONVERSION = YES;
				CLANG_WARN_DIRECT_OBJC_ISA_USAGE = YES_ERROR;
				CLANG_WARN_EMPTY_BODY = YES;
				CLANG_WARN_ENUM_CONVERSION = YES;
				CLANG_WARN_INT_CONVERSION = YES;
				CLANG_WARN_OBJC_ROOT_CLASS = YES_ERROR;
				CLANG_WARN_UNREACHABLE_CODE = YES;
				CLANG_WARN__DUPLICATE_METHOD_MATCH = YES;
				"CODE_SIGN_IDENTITY[sdk=iphoneos*]" = "iPhone Developer";
				COPY_PHASE_STRIP = NO;
				DEBUG_INFORMATION_FORMAT = dwarf;
				ENABLE_STRICT_OBJC_MSGSEND = YES;
				ENABLE_TESTABILITY = YES;
				GCC_C_LANGUAGE_STANDARD = gnu99;
				GCC_DYNAMIC_NO_PIC = NO;
				GCC_NO_COMMON_BLOCKS = YES;
				GCC_OPTIMIZATION_LEVEL = 0;
				GCC_PREPROCESSOR_DEFINITIONS = (
					"DEBUG=1",
					"$(inherited)",
				);
				GCC_WARN_64_TO_32_BIT_CONVERSION = YES;
				GCC_WARN_ABOUT_RETURN_TYPE = YES_ERROR;
				GCC_WARN_UNDECLARED_SELECTOR = YES;
				GCC_WARN_UNINITIALIZED_AUTOS = YES_AGGRESSIVE;
				GCC_WARN_UNUSED_FUNCTION = YES;
				GCC_WARN_UNUSED_VARIABLE = YES;
				IPHONEOS_DEPLOYMENT_TARGET = 9.2;
				MTL_ENABLE_DEBUG_INFO = YES;
				ONLY_ACTIVE_ARCH = YES;
				SDKROOT = iphoneos;
				SWIFT_OPTIMIZATION_LEVEL = "-Onone";
				TARGETED_DEVICE_FAMILY = "1,2";
			};
			name = Debug;
		};
		0B2B7A861C2C928200380500 /* Release */ = {
			isa = XCBuildConfiguration;
			buildSettings = {
				ALWAYS_SEARCH_USER_PATHS = NO;
				CLANG_CXX_LANGUAGE_STANDARD = "gnu++0x";
				CLANG_CXX_LIBRARY = "libc++";
				CLANG_ENABLE_MODULES = YES;
				CLANG_ENABLE_OBJC_ARC = YES;
				CLANG_WARN_BOOL_CONVERSION = YES;
				CLANG_WARN_CONSTANT_CONVERSION = YES;
				CLANG_WARN_DIRECT_OBJC_ISA_USAGE = YES_ERROR;
				CLANG_WARN_EMPTY_BODY = YES;
				CLANG_WARN_ENUM_CONVERSION = YES;
				CLANG_WARN_INT_CONVERSION = YES;
				CLANG_WARN_OBJC_ROOT_CLASS = YES_ERROR;
				CLANG_WARN_UNREACHABLE_CODE = YES;
				CLANG_WARN__DUPLICATE_METHOD_MATCH = YES;
				"CODE_SIGN_IDENTITY[sdk=iphoneos*]" = "iPhone Developer";
				COPY_PHASE_STRIP = NO;
				DEBUG_INFORMATION_FORMAT = "dwarf-with-dsym";
				ENABLE_NS_ASSERTIONS = NO;
				ENABLE_STRICT_OBJC_MSGSEND = YES;
				GCC_C_LANGUAGE_STANDARD = gnu99;
				GCC_NO_COMMON_BLOCKS = YES;
				GCC_WARN_64_TO_32_BIT_CONVERSION = YES;
				GCC_WARN_ABOUT_RETURN_TYPE = YES_ERROR;
				GCC_WARN_UNDECLARED_SELECTOR = YES;
				GCC_WARN_UNINITIALIZED_AUTOS = YES_AGGRESSIVE;
				GCC_WARN_UNUSED_FUNCTION = YES;
				GCC_WARN_UNUSED_VARIABLE = YES;
				IPHONEOS_DEPLOYMENT_TARGET = 9.2;
				MTL_ENABLE_DEBUG_INFO = NO;
				SDKROOT = iphoneos;
				TARGETED_DEVICE_FAMILY = "1,2";
				VALIDATE_PRODUCT = YES;
			};
			name = Release;
		};
		0B2B7A881C2C928200380500 /* Debug */ = {
			isa = XCBuildConfiguration;
			buildSettings = {
				ASSETCATALOG_COMPILER_APPICON_NAME = AppIcon;
				INFOPLIST_FILE = "Swift-Files/Info.plist";
				LD_RUNPATH_SEARCH_PATHS = "$(inherited) @executable_path/Frameworks";
				PRODUCT_BUNDLE_IDENTIFIER = "br.com.francisceioseph.Swift-Files";
				PRODUCT_NAME = "$(TARGET_NAME)";
			};
			name = Debug;
		};
		0B2B7A891C2C928200380500 /* Release */ = {
			isa = XCBuildConfiguration;
			buildSettings = {
				ASSETCATALOG_COMPILER_APPICON_NAME = AppIcon;
				INFOPLIST_FILE = "Swift-Files/Info.plist";
				LD_RUNPATH_SEARCH_PATHS = "$(inherited) @executable_path/Frameworks";
				PRODUCT_BUNDLE_IDENTIFIER = "br.com.francisceioseph.Swift-Files";
				PRODUCT_NAME = "$(TARGET_NAME)";
			};
			name = Release;
		};
		0B2B7A8B1C2C928200380500 /* Debug */ = {
			isa = XCBuildConfiguration;
			buildSettings = {
				BUNDLE_LOADER = "$(TEST_HOST)";
				INFOPLIST_FILE = "Swift-FilesTests/Info.plist";
				LD_RUNPATH_SEARCH_PATHS = "$(inherited) @executable_path/Frameworks @loader_path/Frameworks";
				PRODUCT_BUNDLE_IDENTIFIER = "br.com.francisceioseph.Swift-FilesTests";
				PRODUCT_NAME = "$(TARGET_NAME)";
				TEST_HOST = "$(BUILT_PRODUCTS_DIR)/Swift-Files.app/Swift-Files";
			};
			name = Debug;
		};
		0B2B7A8C1C2C928200380500 /* Release */ = {
			isa = XCBuildConfiguration;
			buildSettings = {
				BUNDLE_LOADER = "$(TEST_HOST)";
				INFOPLIST_FILE = "Swift-FilesTests/Info.plist";
				LD_RUNPATH_SEARCH_PATHS = "$(inherited) @executable_path/Frameworks @loader_path/Frameworks";
				PRODUCT_BUNDLE_IDENTIFIER = "br.com.francisceioseph.Swift-FilesTests";
				PRODUCT_NAME = "$(TARGET_NAME)";
				TEST_HOST = "$(BUILT_PRODUCTS_DIR)/Swift-Files.app/Swift-Files";
			};
			name = Release;
		};
		0B2B7A8E1C2C928200380500 /* Debug */ = {
			isa = XCBuildConfiguration;
			buildSettings = {
				INFOPLIST_FILE = "Swift-FilesUITests/Info.plist";
				LD_RUNPATH_SEARCH_PATHS = "$(inherited) @executable_path/Frameworks @loader_path/Frameworks";
				PRODUCT_BUNDLE_IDENTIFIER = "br.com.francisceioseph.Swift-FilesUITests";
				PRODUCT_NAME = "$(TARGET_NAME)";
				TEST_TARGET_NAME = "Swift-Files";
				USES_XCTRUNNER = YES;
			};
			name = Debug;
		};
		0B2B7A8F1C2C928200380500 /* Release */ = {
			isa = XCBuildConfiguration;
			buildSettings = {
				INFOPLIST_FILE = "Swift-FilesUITests/Info.plist";
				LD_RUNPATH_SEARCH_PATHS = "$(inherited) @executable_path/Frameworks @loader_path/Frameworks";
				PRODUCT_BUNDLE_IDENTIFIER = "br.com.francisceioseph.Swift-FilesUITests";
				PRODUCT_NAME = "$(TARGET_NAME)";
				TEST_TARGET_NAME = "Swift-Files";
				USES_XCTRUNNER = YES;
			};
			name = Release;
		};
/* End XCBuildConfiguration section */

/* Begin XCConfigurationList section */
		0B2B7A571C2C928200380500 /* Build configuration list for PBXProject "Swift-Files" */ = {
			isa = XCConfigurationList;
			buildConfigurations = (
				0B2B7A851C2C928200380500 /* Debug */,
				0B2B7A861C2C928200380500 /* Release */,
			);
			defaultConfigurationIsVisible = 0;
			defaultConfigurationName = Release;
		};
		0B2B7A871C2C928200380500 /* Build configuration list for PBXNativeTarget "Swift-Files" */ = {
			isa = XCConfigurationList;
			buildConfigurations = (
				0B2B7A881C2C928200380500 /* Debug */,
				0B2B7A891C2C928200380500 /* Release */,
			);
			defaultConfigurationIsVisible = 0;
			defaultConfigurationName = Release;
		};
		0B2B7A8A1C2C928200380500 /* Build configuration list for PBXNativeTarget "Swift-FilesTests" */ = {
			isa = XCConfigurationList;
			buildConfigurations = (
				0B2B7A8B1C2C928200380500 /* Debug */,
				0B2B7A8C1C2C928200380500 /* Release */,
			);
			defaultConfigurationIsVisible = 0;
			defaultConfigurationName = Release;
		};
		0B2B7A8D1C2C928200380500 /* Build configuration list for PBXNativeTarget "Swift-FilesUITests" */ = {
			isa = XCConfigurationList;
			buildConfigurations = (
				0B2B7A8E1C2C928200380500 /* Debug */,
				0B2B7A8F1C2C928200380500 /* Release */,
			);
			defaultConfigurationIsVisible = 0;
			defaultConfigurationName = Release;
		};
/* End XCConfigurationList section */

/* Begin XCVersionGroup section */
		0B2B7A661C2C928200380500 /* Swift_Files.xcdatamodeld */ = {
			isa = XCVersionGroup;
			children = (
				0B2B7A671C2C928200380500 /* Swift_Files.xcdatamodel */,
			);
			currentVersion = 0B2B7A671C2C928200380500 /* Swift_Files.xcdatamodel */;
			path = Swift_Files.xcdatamodeld;
			sourceTree = "<group>";
			versionGroupType = wrapper.xcdatamodel;
		};
/* End XCVersionGroup section */
	};
	rootObject = 0B2B7A541C2C928200380500 /* Project object */;
}
